
Microsoft Visual Studio Solution File, Format Version 12.00
# Visual Studio Version 16
VisualStudioVersion = 16.0.29503.13
MinimumVisualStudioVersion = 10.0.40219.1
Project("{9A19103F-16F7-4668-BE54-9A1E7A4F7556}") = "CalculationServices", "CalculationServices\CalculationServices.csproj", "{250D9245-414E-4619-8191-1731359F3564}"
EndProject
Project("{9A19103F-16F7-4668-BE54-9A1E7A4F7556}") = "Services.Tests", "Services.Tests\Services.Tests.csproj", "{B2DCBC90-FCBC-4D70-827B-66B6403E38F7}"
EndProject
Project("{FAE04EC0-301F-11D3-BF4B-00C04F79EFBC}") = "Services.Integration.Tests", "Services.Integration.Tests\Services.Integration.Tests.csproj", "{A9BBE87D-E115-42C5-8568-2EC338F2F191}"
EndProject
Global
	GlobalSection(SolutionConfigurationPlatforms) = preSolution
		Debug|Any CPU = Debug|Any CPU
		Release|Any CPU = Release|Any CPU
	EndGlobalSection
	GlobalSection(ProjectConfigurationPlatforms) = postSolution
		{250D9245-414E-4619-8191-1731359F3564}.Debug|Any CPU.ActiveCfg = Debug|Any CPU
		{250D9245-414E-4619-8191-1731359F3564}.Debug|Any CPU.Build.0 = Debug|Any CPU
		{250D9245-414E-4619-8191-1731359F3564}.Release|Any CPU.ActiveCfg = Release|Any CPU
		{250D9245-414E-4619-8191-1731359F3564}.Release|Any CPU.Build.0 = Release|Any CPU
		{B2DCBC90-FCBC-4D70-827B-66B6403E38F7}.Debug|Any CPU.ActiveCfg = Debug|Any CPU
		{B2DCBC90-FCBC-4D70-827B-66B6403E38F7}.Debug|Any CPU.Build.0 = Debug|Any CPU
		{B2DCBC90-FCBC-4D70-827B-66B6403E38F7}.Release|Any CPU.ActiveCfg = Release|Any CPU
		{B2DCBC90-FCBC-4D70-827B-66B6403E38F7}.Release|Any CPU.Build.0 = Release|Any CPU
		{A9BBE87D-E115-42C5-8568-2EC338F2F191}.Debug|Any CPU.ActiveCfg = Debug|Any CPU
		{A9BBE87D-E115-42C5-8568-2EC338F2F191}.Debug|Any CPU.Build.0 = Debug|Any CPU
		{A9BBE87D-E115-42C5-8568-2EC338F2F191}.Release|Any CPU.ActiveCfg = Release|Any CPU
		{A9BBE87D-E115-42C5-8568-2EC338F2F191}.Release|Any CPU.Build.0 = Release|Any CPU
	EndGlobalSection
	GlobalSection(SolutionProperties) = preSolution
		HideSolutionNode = FALSE
	EndGlobalSection
	GlobalSection(ExtensibilityGlobals) = postSolution
		SolutionGuid = {F7170C93-5E1E-4FEA-8F50-0CE1E513DDCB}
	EndGlobalSection
EndGlobal
